
Microsoft Visual Studio Solution File, Format Version 12.00
# Visual Studio Version 17
VisualStudioVersion = 17.7.34221.43
MinimumVisualStudioVersion = 10.0.40219.1
Project("{FAE04EC0-301F-11D3-BF4B-00C04F79EFBC}") = "CadastroProduto", "CadastroProduto\CadastroProduto.csproj", "{C73F602E-8C3E-44F3-B2BD-6827E7350692}"
EndProject
Global
	GlobalSection(SolutionConfigurationPlatforms) = preSolution
		Debug|Any CPU = Debug|Any CPU
		Release|Any CPU = Release|Any CPU
	EndGlobalSection
	GlobalSection(ProjectConfigurationPlatforms) = postSolution
		{C73F602E-8C3E-44F3-B2BD-6827E7350692}.Debug|Any CPU.ActiveCfg = Debug|Any CPU
		{C73F602E-8C3E-44F3-B2BD-6827E7350692}.Debug|Any CPU.Build.0 = Debug|Any CPU
		{C73F602E-8C3E-44F3-B2BD-6827E7350692}.Release|Any CPU.ActiveCfg = Release|Any CPU
		{C73F602E-8C3E-44F3-B2BD-6827E7350692}.Release|Any CPU.Build.0 = Release|Any CPU
	EndGlobalSection
	GlobalSection(SolutionProperties) = preSolution
		HideSolutionNode = FALSE
	EndGlobalSection
	GlobalSection(ExtensibilityGlobals) = postSolution
		SolutionGuid = {1D188FE2-EB28-4BA4-A5A6-C197FAA3861D}
	EndGlobalSection
EndGlobal
